
Microsoft Visual Studio Solution File, Format Version 12.00
# Visual Studio Version 17
VisualStudioVersion = 17.0.32112.339
MinimumVisualStudioVersion = 10.0.40219.1
Project("{2150E333-8FDC-42A3-9474-1A3956D46DE8}") = "1.Presentation", "1.Presentation", "{E2B6DBD7-AED7-45CA-9AD8-74949C0347C4}"
EndProject
Project("{2150E333-8FDC-42A3-9474-1A3956D46DE8}") = "2.Distributed Service", "2.Distributed Service", "{490614BA-1953-48D1-9304-C88FFADBD65B}"
EndProject
Project("{2150E333-8FDC-42A3-9474-1A3956D46DE8}") = "3.Aplicaction", "3.Aplicaction", "{2C718267-7E92-4AB7-A822-9132C4C980F5}"
EndProject
Project("{2150E333-8FDC-42A3-9474-1A3956D46DE8}") = "4.Domain", "4.Domain", "{81F8BC79-74BB-40C5-ADEC-4CF33ACE0A9B}"
EndProject
Project("{2150E333-8FDC-42A3-9474-1A3956D46DE8}") = "5.Infrastructure", "5.Infrastructure", "{2E3C8F49-5B45-459B-9780-04BD683EEA82}"
EndProject
Project("{9A19103F-16F7-4668-BE54-9A1E7A4F7556}") = "TransitAgencyPopayan.WebApi", "TransitAgencyPopayan.WebApi\TransitAgencyPopayan.WebApi.csproj", "{138927BA-0B88-4C43-B6F3-68720733212F}"
EndProject
Project("{9A19103F-16F7-4668-BE54-9A1E7A4F7556}") = "TransitAgencyPopayan.Aplication.Core", "TransitAgencyPopayan.Aplication.Core\TransitAgencyPopayan.Aplication.Core.csproj", "{DE11BD61-D304-41C4-A074-E0CCCC77565F}"
EndProject
Project("{9A19103F-16F7-4668-BE54-9A1E7A4F7556}") = "TransitAgencyPopayan.Aplication.Dto", "TransitAgencyPopayan.Aplication.Dto\TransitAgencyPopayan.Aplication.Dto.csproj", "{3B864A35-4B13-49F9-A51F-3200BC9192D8}"
EndProject
Project("{9A19103F-16F7-4668-BE54-9A1E7A4F7556}") = "TransitAgencyPopayan.Aplication.Domine.Core", "TransitAgencyPopayan.Aplication.Domine.Core\TransitAgencyPopayan.Aplication.Domine.Core.csproj", "{54265F89-7511-405B-A294-7F56EA912A6A}"
EndProject
Project("{2150E333-8FDC-42A3-9474-1A3956D46DE8}") = "5.1Data", "5.1Data", "{4983CC71-E1C0-4A20-B353-2EF6DA648938}"
EndProject
Project("{9A19103F-16F7-4668-BE54-9A1E7A4F7556}") = "TransitAgencyPopayan.Infrastrucutre.Data.Persistence.Core", "TransitAgencyPopayan.Infrastrucutre.Data.Persistence.Core\TransitAgencyPopayan.Infrastrucutre.Data.Persistence.Core.csproj", "{A8F921B7-6436-4427-9EC9-0230DF484EB7}"
EndProject
Global
	GlobalSection(SolutionConfigurationPlatforms) = preSolution
		Debug|Any CPU = Debug|Any CPU
		Release|Any CPU = Release|Any CPU
	EndGlobalSection
	GlobalSection(ProjectConfigurationPlatforms) = postSolution
		{138927BA-0B88-4C43-B6F3-68720733212F}.Debug|Any CPU.ActiveCfg = Debug|Any CPU
		{138927BA-0B88-4C43-B6F3-68720733212F}.Debug|Any CPU.Build.0 = Debug|Any CPU
		{138927BA-0B88-4C43-B6F3-68720733212F}.Release|Any CPU.ActiveCfg = Release|Any CPU
		{138927BA-0B88-4C43-B6F3-68720733212F}.Release|Any CPU.Build.0 = Release|Any CPU
		{DE11BD61-D304-41C4-A074-E0CCCC77565F}.Debug|Any CPU.ActiveCfg = Debug|Any CPU
		{DE11BD61-D304-41C4-A074-E0CCCC77565F}.Debug|Any CPU.Build.0 = Debug|Any CPU
		{DE11BD61-D304-41C4-A074-E0CCCC77565F}.Release|Any CPU.ActiveCfg = Release|Any CPU
		{DE11BD61-D304-41C4-A074-E0CCCC77565F}.Release|Any CPU.Build.0 = Release|Any CPU
		{3B864A35-4B13-49F9-A51F-3200BC9192D8}.Debug|Any CPU.ActiveCfg = Debug|Any CPU
		{3B864A35-4B13-49F9-A51F-3200BC9192D8}.Debug|Any CPU.Build.0 = Debug|Any CPU
		{3B864A35-4B13-49F9-A51F-3200BC9192D8}.Release|Any CPU.ActiveCfg = Release|Any CPU
		{3B864A35-4B13-49F9-A51F-3200BC9192D8}.Release|Any CPU.Build.0 = Release|Any CPU
		{54265F89-7511-405B-A294-7F56EA912A6A}.Debug|Any CPU.ActiveCfg = Debug|Any CPU
		{54265F89-7511-405B-A294-7F56EA912A6A}.Debug|Any CPU.Build.0 = Debug|Any CPU
		{54265F89-7511-405B-A294-7F56EA912A6A}.Release|Any CPU.ActiveCfg = Release|Any CPU
		{54265F89-7511-405B-A294-7F56EA912A6A}.Release|Any CPU.Build.0 = Release|Any CPU
		{A8F921B7-6436-4427-9EC9-0230DF484EB7}.Debug|Any CPU.ActiveCfg = Debug|Any CPU
		{A8F921B7-6436-4427-9EC9-0230DF484EB7}.Debug|Any CPU.Build.0 = Debug|Any CPU
		{A8F921B7-6436-4427-9EC9-0230DF484EB7}.Release|Any CPU.ActiveCfg = Release|Any CPU
		{A8F921B7-6436-4427-9EC9-0230DF484EB7}.Release|Any CPU.Build.0 = Release|Any CPU
	EndGlobalSection
	GlobalSection(SolutionProperties) = preSolution
		HideSolutionNode = FALSE
	EndGlobalSection
	GlobalSection(NestedProjects) = preSolution
		{138927BA-0B88-4C43-B6F3-68720733212F} = {490614BA-1953-48D1-9304-C88FFADBD65B}
		{DE11BD61-D304-41C4-A074-E0CCCC77565F} = {2C718267-7E92-4AB7-A822-9132C4C980F5}
		{3B864A35-4B13-49F9-A51F-3200BC9192D8} = {2C718267-7E92-4AB7-A822-9132C4C980F5}
		{54265F89-7511-405B-A294-7F56EA912A6A} = {81F8BC79-74BB-40C5-ADEC-4CF33ACE0A9B}
		{4983CC71-E1C0-4A20-B353-2EF6DA648938} = {2E3C8F49-5B45-459B-9780-04BD683EEA82}
		{A8F921B7-6436-4427-9EC9-0230DF484EB7} = {4983CC71-E1C0-4A20-B353-2EF6DA648938}
	EndGlobalSection
	GlobalSection(ExtensibilityGlobals) = postSolution
		SolutionGuid = {5CCB85D7-0932-45C9-A979-614A4E165005}
	EndGlobalSection
EndGlobal
